
Microsoft Visual Studio Solution File, Format Version 12.00
# Visual Studio Version 16
VisualStudioVersion = 16.0.30804.86
MinimumVisualStudioVersion = 10.0.40219.1
Project("{9A19103F-16F7-4668-BE54-9A1E7A4F7556}") = "RhythmHelper", "RhythmHelper.csproj", "{2707A3AC-7083-462D-9C73-8FE77A4A0FBD}"
EndProject
Project("{FAE04EC0-301F-11D3-BF4B-00C04F79EFBC}") = "RhythmHelper.Data", "..\RhythmHelper.Data\RhythmHelper.Data.csproj", "{60F301FE-1ECD-4BE8-9358-E7F5D7B1106C}"
EndProject
Global
	GlobalSection(SolutionConfigurationPlatforms) = preSolution
		Debug|Any CPU = Debug|Any CPU
		Release|Any CPU = Release|Any CPU
	EndGlobalSection
	GlobalSection(ProjectConfigurationPlatforms) = postSolution
		{2707A3AC-7083-462D-9C73-8FE77A4A0FBD}.Debug|Any CPU.ActiveCfg = Debug|Any CPU
		{2707A3AC-7083-462D-9C73-8FE77A4A0FBD}.Debug|Any CPU.Build.0 = Debug|Any CPU
		{2707A3AC-7083-462D-9C73-8FE77A4A0FBD}.Release|Any CPU.ActiveCfg = Release|Any CPU
		{2707A3AC-7083-462D-9C73-8FE77A4A0FBD}.Release|Any CPU.Build.0 = Release|Any CPU
		{60F301FE-1ECD-4BE8-9358-E7F5D7B1106C}.Debug|Any CPU.ActiveCfg = Debug|Any CPU
		{60F301FE-1ECD-4BE8-9358-E7F5D7B1106C}.Debug|Any CPU.Build.0 = Debug|Any CPU
		{60F301FE-1ECD-4BE8-9358-E7F5D7B1106C}.Release|Any CPU.ActiveCfg = Release|Any CPU
		{60F301FE-1ECD-4BE8-9358-E7F5D7B1106C}.Release|Any CPU.Build.0 = Release|Any CPU
	EndGlobalSection
	GlobalSection(SolutionProperties) = preSolution
		HideSolutionNode = FALSE
	EndGlobalSection
	GlobalSection(ExtensibilityGlobals) = postSolution
		SolutionGuid = {08E35C63-9B35-425D-ADCD-30A5B13ECAE0}
	EndGlobalSection
EndGlobal
